
Microsoft Visual Studio Solution File, Format Version 12.00
# Visual Studio Version 17
VisualStudioVersion = 17.0.31903.59
MinimumVisualStudioVersion = 10.0.40219.1
Project("{FAE04EC0-301F-11D3-BF4B-00C04F79EFBC}") = "eCommerce.Api", "eCommerce.Api\eCommerce.Api.csproj", "{87DFF534-4064-4CCB-B043-09809AB1B2A7}"
EndProject
Project("{FAE04EC0-301F-11D3-BF4B-00C04F79EFBC}") = "eCommerce.Core", "eCommerce.Core\eCommerce.Core.csproj", "{AD66C6A2-33EE-4A5A-87B7-4B5411506C95}"
EndProject
Project("{FAE04EC0-301F-11D3-BF4B-00C04F79EFBC}") = "eCommerce.Infraestructure", "eCommerce.Infraestructure\eCommerce.Infraestructure.csproj", "{0EF8F5B0-36AA-48EE-B5E4-FEA78471E556}"
EndProject
Global
	GlobalSection(SolutionConfigurationPlatforms) = preSolution
		Debug|Any CPU = Debug|Any CPU
		Debug|x64 = Debug|x64
		Debug|x86 = Debug|x86
		Release|Any CPU = Release|Any CPU
		Release|x64 = Release|x64
		Release|x86 = Release|x86
	EndGlobalSection
	GlobalSection(ProjectConfigurationPlatforms) = postSolution
		{87DFF534-4064-4CCB-B043-09809AB1B2A7}.Debug|Any CPU.ActiveCfg = Debug|Any CPU
		{87DFF534-4064-4CCB-B043-09809AB1B2A7}.Debug|Any CPU.Build.0 = Debug|Any CPU
		{87DFF534-4064-4CCB-B043-09809AB1B2A7}.Debug|x64.ActiveCfg = Debug|Any CPU
		{87DFF534-4064-4CCB-B043-09809AB1B2A7}.Debug|x64.Build.0 = Debug|Any CPU
		{87DFF534-4064-4CCB-B043-09809AB1B2A7}.Debug|x86.ActiveCfg = Debug|Any CPU
		{87DFF534-4064-4CCB-B043-09809AB1B2A7}.Debug|x86.Build.0 = Debug|Any CPU
		{87DFF534-4064-4CCB-B043-09809AB1B2A7}.Release|Any CPU.ActiveCfg = Release|Any CPU
		{87DFF534-4064-4CCB-B043-09809AB1B2A7}.Release|Any CPU.Build.0 = Release|Any CPU
		{87DFF534-4064-4CCB-B043-09809AB1B2A7}.Release|x64.ActiveCfg = Release|Any CPU
		{87DFF534-4064-4CCB-B043-09809AB1B2A7}.Release|x64.Build.0 = Release|Any CPU
		{87DFF534-4064-4CCB-B043-09809AB1B2A7}.Release|x86.ActiveCfg = Release|Any CPU
		{87DFF534-4064-4CCB-B043-09809AB1B2A7}.Release|x86.Build.0 = Release|Any CPU
		{AD66C6A2-33EE-4A5A-87B7-4B5411506C95}.Debug|Any CPU.ActiveCfg = Debug|Any CPU
		{AD66C6A2-33EE-4A5A-87B7-4B5411506C95}.Debug|Any CPU.Build.0 = Debug|Any CPU
		{AD66C6A2-33EE-4A5A-87B7-4B5411506C95}.Debug|x64.ActiveCfg = Debug|Any CPU
		{AD66C6A2-33EE-4A5A-87B7-4B5411506C95}.Debug|x64.Build.0 = Debug|Any CPU
		{AD66C6A2-33EE-4A5A-87B7-4B5411506C95}.Debug|x86.ActiveCfg = Debug|Any CPU
		{AD66C6A2-33EE-4A5A-87B7-4B5411506C95}.Debug|x86.Build.0 = Debug|Any CPU
		{AD66C6A2-33EE-4A5A-87B7-4B5411506C95}.Release|Any CPU.ActiveCfg = Release|Any CPU
		{AD66C6A2-33EE-4A5A-87B7-4B5411506C95}.Release|Any CPU.Build.0 = Release|Any CPU
		{AD66C6A2-33EE-4A5A-87B7-4B5411506C95}.Release|x64.ActiveCfg = Release|Any CPU
		{AD66C6A2-33EE-4A5A-87B7-4B5411506C95}.Release|x64.Build.0 = Release|Any CPU
		{AD66C6A2-33EE-4A5A-87B7-4B5411506C95}.Release|x86.ActiveCfg = Release|Any CPU
		{AD66C6A2-33EE-4A5A-87B7-4B5411506C95}.Release|x86.Build.0 = Release|Any CPU
		{0EF8F5B0-36AA-48EE-B5E4-FEA78471E556}.Debug|Any CPU.ActiveCfg = Debug|Any CPU
		{0EF8F5B0-36AA-48EE-B5E4-FEA78471E556}.Debug|Any CPU.Build.0 = Debug|Any CPU
		{0EF8F5B0-36AA-48EE-B5E4-FEA78471E556}.Debug|x64.ActiveCfg = Debug|Any CPU
		{0EF8F5B0-36AA-48EE-B5E4-FEA78471E556}.Debug|x64.Build.0 = Debug|Any CPU
		{0EF8F5B0-36AA-48EE-B5E4-FEA78471E556}.Debug|x86.ActiveCfg = Debug|Any CPU
		{0EF8F5B0-36AA-48EE-B5E4-FEA78471E556}.Debug|x86.Build.0 = Debug|Any CPU
		{0EF8F5B0-36AA-48EE-B5E4-FEA78471E556}.Release|Any CPU.ActiveCfg = Release|Any CPU
		{0EF8F5B0-36AA-48EE-B5E4-FEA78471E556}.Release|Any CPU.Build.0 = Release|Any CPU
		{0EF8F5B0-36AA-48EE-B5E4-FEA78471E556}.Release|x64.ActiveCfg = Release|Any CPU
		{0EF8F5B0-36AA-48EE-B5E4-FEA78471E556}.Release|x64.Build.0 = Release|Any CPU
		{0EF8F5B0-36AA-48EE-B5E4-FEA78471E556}.Release|x86.ActiveCfg = Release|Any CPU
		{0EF8F5B0-36AA-48EE-B5E4-FEA78471E556}.Release|x86.Build.0 = Release|Any CPU
	EndGlobalSection
	GlobalSection(SolutionProperties) = preSolution
		HideSolutionNode = FALSE
	EndGlobalSection
EndGlobal
